
Microsoft Visual Studio Solution File, Format Version 12.00
# Visual Studio 15
VisualStudioVersion = 15.0.28307.539
MinimumVisualStudioVersion = 10.0.40219.1
Project("{FAE04EC0-301F-11D3-BF4B-00C04F79EFBC}") = "fuel_info", "fuel_info\fuel_info.csproj", "{6EFF5E2A-6CC4-4EFF-A47F-6C7E507FBFB8}"
EndProject
Global
	GlobalSection(SolutionConfigurationPlatforms) = preSolution
		Debug|Any CPU = Debug|Any CPU
		Release|Any CPU = Release|Any CPU
	EndGlobalSection
	GlobalSection(ProjectConfigurationPlatforms) = postSolution
		{6EFF5E2A-6CC4-4EFF-A47F-6C7E507FBFB8}.Debug|Any CPU.ActiveCfg = Debug|Any CPU
		{6EFF5E2A-6CC4-4EFF-A47F-6C7E507FBFB8}.Debug|Any CPU.Build.0 = Debug|Any CPU
		{6EFF5E2A-6CC4-4EFF-A47F-6C7E507FBFB8}.Release|Any CPU.ActiveCfg = Release|Any CPU
		{6EFF5E2A-6CC4-4EFF-A47F-6C7E507FBFB8}.Release|Any CPU.Build.0 = Release|Any CPU
	EndGlobalSection
	GlobalSection(SolutionProperties) = preSolution
		HideSolutionNode = FALSE
	EndGlobalSection
	GlobalSection(ExtensibilityGlobals) = postSolution
		SolutionGuid = {FFC9309A-0C9F-43D7-9E2A-48309A2DC7B1}
	EndGlobalSection
EndGlobal
